
Microsoft Visual Studio Solution File, Format Version 12.00
# Visual Studio 14
VisualStudioVersion = 14.0.23107.0
MinimumVisualStudioVersion = 10.0.40219.1
Project("{FAE04EC0-301F-11D3-BF4B-00C04F79EFBC}") = "Step1", "Step1\Step1.csproj", "{4FDDB275-2995-4BE3-AE0D-374F2C2AF2F8}"
EndProject
Project("{2150E333-8FDC-42A3-9474-1A3956D46DE8}") = "Data", "Data", "{6BFA7521-1ED3-496D-AA7C-4AC2697B4EEA}"
	ProjectSection(SolutionItems) = preProject
		empty.txt = empty.txt
		names.txt = names.txt
	EndProjectSection
EndProject
Project("{FAE04EC0-301F-11D3-BF4B-00C04F79EFBC}") = "Step1.Tests", "Step1.Tests\Step1.Tests.csproj", "{5A5F369D-95FD-4B4E-911F-DA4B457BCFCF}"
EndProject
Project("{FAE04EC0-301F-11D3-BF4B-00C04F79EFBC}") = "Step2", "Step2\Step2.csproj", "{0964BC79-6643-4D2C-8EE9-A8259BE34F46}"
EndProject
Project("{FAE04EC0-301F-11D3-BF4B-00C04F79EFBC}") = "Step2.Tests", "Step2.Tests\Step2.Tests.csproj", "{57B0393D-2C99-4B42-82B8-1589CE07C229}"
EndProject
Project("{2150E333-8FDC-42A3-9474-1A3956D46DE8}") = "Step 1 - Simple application", "Step 1 - Simple application", "{D95D7BFF-3660-4701-9D71-4A919FBC47D4}"
EndProject
Project("{2150E333-8FDC-42A3-9474-1A3956D46DE8}") = "Step 2 - Single responsiblity", "Step 2 - Single responsiblity", "{1C6AA654-7B0D-4FFD-A0B5-3DF0FCF79B16}"
EndProject
Project("{2150E333-8FDC-42A3-9474-1A3956D46DE8}") = "Step 3 - Dependency Injection", "Step 3 - Dependency Injection", "{74C8D79A-0551-416A-8626-86E2F9EA18AB}"
EndProject
Project("{FAE04EC0-301F-11D3-BF4B-00C04F79EFBC}") = "Step3", "Step3\Step3.csproj", "{60848336-6BD5-45A3-B61A-A60D75913F9D}"
EndProject
Project("{FAE04EC0-301F-11D3-BF4B-00C04F79EFBC}") = "Step3.Tests", "Step3.Tests\Step3.Tests.csproj", "{F6750EEE-AEAC-4F30-8255-F16862035312}"
EndProject
Project("{2150E333-8FDC-42A3-9474-1A3956D46DE8}") = "Step 4 - Ninject", "Step 4 - Ninject", "{6D139F10-038A-4A00-BE4B-1649A6255EFA}"
EndProject
Project("{FAE04EC0-301F-11D3-BF4B-00C04F79EFBC}") = "Step4", "Step4\Step4.csproj", "{69ABDA99-E239-4EC9-8AD1-DB4E7F456C0C}"
EndProject
Project("{2150E333-8FDC-42A3-9474-1A3956D46DE8}") = "Step 5 - Project Structure", "Step 5 - Project Structure", "{971741EA-D6A4-4496-ABA9-A9231A16429D}"
EndProject
Project("{FAE04EC0-301F-11D3-BF4B-00C04F79EFBC}") = "Step5", "Step5\Step5.csproj", "{2CD248C2-2E15-49DE-AA84-6C2136C7BBDE}"
EndProject
Project("{FAE04EC0-301F-11D3-BF4B-00C04F79EFBC}") = "Step5.Core", "Step5.Core\Step5.Core.csproj", "{EC19BE1D-8872-4284-A4A1-D47F4494048F}"
EndProject
Project("{FAE04EC0-301F-11D3-BF4B-00C04F79EFBC}") = "Step5.Infrastructure", "Step5.Infrastructure\Step5.Infrastructure.csproj", "{31EA63DB-0B2D-4683-AED4-6B9B79B7936A}"
EndProject
Project("{FAE04EC0-301F-11D3-BF4B-00C04F79EFBC}") = "Step5.Bootstrapper", "Step5.Bootstrapper\Step5.Bootstrapper.csproj", "{DA3AEC0A-5711-47CF-B414-C5785AE00EB5}"
EndProject
Project("{FAE04EC0-301F-11D3-BF4B-00C04F79EFBC}") = "Step5.Infrastructure.Tests", "Step5.Infrastracture.Tests\Step5.Infrastructure.Tests.csproj", "{FABAA146-BCE6-42E5-AFBC-003B0B8B0105}"
EndProject
Project("{FAE04EC0-301F-11D3-BF4B-00C04F79EFBC}") = "Step5.Core.Tests", "Step5.Tests\Step5.Core.Tests.csproj", "{4B955FCF-298C-465F-85EF-BDE3B0D412A7}"
EndProject
Project("{2150E333-8FDC-42A3-9474-1A3956D46DE8}") = "Tests", "Tests", "{53070834-10D0-4583-BB57-65DC82CF4237}"
EndProject
Global
	GlobalSection(SolutionConfigurationPlatforms) = preSolution
		Debug|Any CPU = Debug|Any CPU
		Release|Any CPU = Release|Any CPU
	EndGlobalSection
	GlobalSection(ProjectConfigurationPlatforms) = postSolution
		{4FDDB275-2995-4BE3-AE0D-374F2C2AF2F8}.Debug|Any CPU.ActiveCfg = Debug|Any CPU
		{4FDDB275-2995-4BE3-AE0D-374F2C2AF2F8}.Debug|Any CPU.Build.0 = Debug|Any CPU
		{4FDDB275-2995-4BE3-AE0D-374F2C2AF2F8}.Release|Any CPU.ActiveCfg = Release|Any CPU
		{4FDDB275-2995-4BE3-AE0D-374F2C2AF2F8}.Release|Any CPU.Build.0 = Release|Any CPU
		{5A5F369D-95FD-4B4E-911F-DA4B457BCFCF}.Debug|Any CPU.ActiveCfg = Debug|Any CPU
		{5A5F369D-95FD-4B4E-911F-DA4B457BCFCF}.Debug|Any CPU.Build.0 = Debug|Any CPU
		{5A5F369D-95FD-4B4E-911F-DA4B457BCFCF}.Release|Any CPU.ActiveCfg = Release|Any CPU
		{5A5F369D-95FD-4B4E-911F-DA4B457BCFCF}.Release|Any CPU.Build.0 = Release|Any CPU
		{0964BC79-6643-4D2C-8EE9-A8259BE34F46}.Debug|Any CPU.ActiveCfg = Debug|Any CPU
		{0964BC79-6643-4D2C-8EE9-A8259BE34F46}.Debug|Any CPU.Build.0 = Debug|Any CPU
		{0964BC79-6643-4D2C-8EE9-A8259BE34F46}.Release|Any CPU.ActiveCfg = Release|Any CPU
		{0964BC79-6643-4D2C-8EE9-A8259BE34F46}.Release|Any CPU.Build.0 = Release|Any CPU
		{57B0393D-2C99-4B42-82B8-1589CE07C229}.Debug|Any CPU.ActiveCfg = Debug|Any CPU
		{57B0393D-2C99-4B42-82B8-1589CE07C229}.Debug|Any CPU.Build.0 = Debug|Any CPU
		{57B0393D-2C99-4B42-82B8-1589CE07C229}.Release|Any CPU.ActiveCfg = Release|Any CPU
		{57B0393D-2C99-4B42-82B8-1589CE07C229}.Release|Any CPU.Build.0 = Release|Any CPU
		{60848336-6BD5-45A3-B61A-A60D75913F9D}.Debug|Any CPU.ActiveCfg = Debug|Any CPU
		{60848336-6BD5-45A3-B61A-A60D75913F9D}.Debug|Any CPU.Build.0 = Debug|Any CPU
		{60848336-6BD5-45A3-B61A-A60D75913F9D}.Release|Any CPU.ActiveCfg = Release|Any CPU
		{60848336-6BD5-45A3-B61A-A60D75913F9D}.Release|Any CPU.Build.0 = Release|Any CPU
		{F6750EEE-AEAC-4F30-8255-F16862035312}.Debug|Any CPU.ActiveCfg = Debug|Any CPU
		{F6750EEE-AEAC-4F30-8255-F16862035312}.Debug|Any CPU.Build.0 = Debug|Any CPU
		{F6750EEE-AEAC-4F30-8255-F16862035312}.Release|Any CPU.ActiveCfg = Release|Any CPU
		{F6750EEE-AEAC-4F30-8255-F16862035312}.Release|Any CPU.Build.0 = Release|Any CPU
		{69ABDA99-E239-4EC9-8AD1-DB4E7F456C0C}.Debug|Any CPU.ActiveCfg = Debug|Any CPU
		{69ABDA99-E239-4EC9-8AD1-DB4E7F456C0C}.Debug|Any CPU.Build.0 = Debug|Any CPU
		{69ABDA99-E239-4EC9-8AD1-DB4E7F456C0C}.Release|Any CPU.ActiveCfg = Release|Any CPU
		{69ABDA99-E239-4EC9-8AD1-DB4E7F456C0C}.Release|Any CPU.Build.0 = Release|Any CPU
		{2CD248C2-2E15-49DE-AA84-6C2136C7BBDE}.Debug|Any CPU.ActiveCfg = Debug|Any CPU
		{2CD248C2-2E15-49DE-AA84-6C2136C7BBDE}.Debug|Any CPU.Build.0 = Debug|Any CPU
		{2CD248C2-2E15-49DE-AA84-6C2136C7BBDE}.Release|Any CPU.ActiveCfg = Release|Any CPU
		{2CD248C2-2E15-49DE-AA84-6C2136C7BBDE}.Release|Any CPU.Build.0 = Release|Any CPU
		{EC19BE1D-8872-4284-A4A1-D47F4494048F}.Debug|Any CPU.ActiveCfg = Debug|Any CPU
		{EC19BE1D-8872-4284-A4A1-D47F4494048F}.Debug|Any CPU.Build.0 = Debug|Any CPU
		{EC19BE1D-8872-4284-A4A1-D47F4494048F}.Release|Any CPU.ActiveCfg = Release|Any CPU
		{EC19BE1D-8872-4284-A4A1-D47F4494048F}.Release|Any CPU.Build.0 = Release|Any CPU
		{31EA63DB-0B2D-4683-AED4-6B9B79B7936A}.Debug|Any CPU.ActiveCfg = Debug|Any CPU
		{31EA63DB-0B2D-4683-AED4-6B9B79B7936A}.Debug|Any CPU.Build.0 = Debug|Any CPU
		{31EA63DB-0B2D-4683-AED4-6B9B79B7936A}.Release|Any CPU.ActiveCfg = Release|Any CPU
		{31EA63DB-0B2D-4683-AED4-6B9B79B7936A}.Release|Any CPU.Build.0 = Release|Any CPU
		{DA3AEC0A-5711-47CF-B414-C5785AE00EB5}.Debug|Any CPU.ActiveCfg = Debug|Any CPU
		{DA3AEC0A-5711-47CF-B414-C5785AE00EB5}.Debug|Any CPU.Build.0 = Debug|Any CPU
		{DA3AEC0A-5711-47CF-B414-C5785AE00EB5}.Release|Any CPU.ActiveCfg = Release|Any CPU
		{DA3AEC0A-5711-47CF-B414-C5785AE00EB5}.Release|Any CPU.Build.0 = Release|Any CPU
		{FABAA146-BCE6-42E5-AFBC-003B0B8B0105}.Debug|Any CPU.ActiveCfg = Debug|Any CPU
		{FABAA146-BCE6-42E5-AFBC-003B0B8B0105}.Debug|Any CPU.Build.0 = Debug|Any CPU
		{FABAA146-BCE6-42E5-AFBC-003B0B8B0105}.Release|Any CPU.ActiveCfg = Release|Any CPU
		{FABAA146-BCE6-42E5-AFBC-003B0B8B0105}.Release|Any CPU.Build.0 = Release|Any CPU
		{4B955FCF-298C-465F-85EF-BDE3B0D412A7}.Debug|Any CPU.ActiveCfg = Debug|Any CPU
		{4B955FCF-298C-465F-85EF-BDE3B0D412A7}.Debug|Any CPU.Build.0 = Debug|Any CPU
		{4B955FCF-298C-465F-85EF-BDE3B0D412A7}.Release|Any CPU.ActiveCfg = Release|Any CPU
		{4B955FCF-298C-465F-85EF-BDE3B0D412A7}.Release|Any CPU.Build.0 = Release|Any CPU
	EndGlobalSection
	GlobalSection(SolutionProperties) = preSolution
		HideSolutionNode = FALSE
	EndGlobalSection
	GlobalSection(NestedProjects) = preSolution
		{4FDDB275-2995-4BE3-AE0D-374F2C2AF2F8} = {D95D7BFF-3660-4701-9D71-4A919FBC47D4}
		{5A5F369D-95FD-4B4E-911F-DA4B457BCFCF} = {D95D7BFF-3660-4701-9D71-4A919FBC47D4}
		{0964BC79-6643-4D2C-8EE9-A8259BE34F46} = {1C6AA654-7B0D-4FFD-A0B5-3DF0FCF79B16}
		{57B0393D-2C99-4B42-82B8-1589CE07C229} = {1C6AA654-7B0D-4FFD-A0B5-3DF0FCF79B16}
		{60848336-6BD5-45A3-B61A-A60D75913F9D} = {74C8D79A-0551-416A-8626-86E2F9EA18AB}
		{F6750EEE-AEAC-4F30-8255-F16862035312} = {74C8D79A-0551-416A-8626-86E2F9EA18AB}
		{69ABDA99-E239-4EC9-8AD1-DB4E7F456C0C} = {6D139F10-038A-4A00-BE4B-1649A6255EFA}
		{2CD248C2-2E15-49DE-AA84-6C2136C7BBDE} = {971741EA-D6A4-4496-ABA9-A9231A16429D}
		{EC19BE1D-8872-4284-A4A1-D47F4494048F} = {971741EA-D6A4-4496-ABA9-A9231A16429D}
		{31EA63DB-0B2D-4683-AED4-6B9B79B7936A} = {971741EA-D6A4-4496-ABA9-A9231A16429D}
		{DA3AEC0A-5711-47CF-B414-C5785AE00EB5} = {971741EA-D6A4-4496-ABA9-A9231A16429D}
		{FABAA146-BCE6-42E5-AFBC-003B0B8B0105} = {53070834-10D0-4583-BB57-65DC82CF4237}
		{4B955FCF-298C-465F-85EF-BDE3B0D412A7} = {53070834-10D0-4583-BB57-65DC82CF4237}
		{53070834-10D0-4583-BB57-65DC82CF4237} = {971741EA-D6A4-4496-ABA9-A9231A16429D}
	EndGlobalSection
EndGlobal
